
Microsoft Visual Studio Solution File, Format Version 12.00
# Visual Studio Version 17
VisualStudioVersion = 17.14.36811.4 d17.14
MinimumVisualStudioVersion = 10.0.40219.1
Project("{FAE04EC0-301F-11D3-BF4B-00C04F79EFBC}") = "SeatAllocationApp", "SeatAllocationApp.csproj", "{1CBF15DF-DD28-4057-9B1A-44B3EF0B5E0F}"
EndProject
Global
	GlobalSection(SolutionConfigurationPlatforms) = preSolution
		Debug|Any CPU = Debug|Any CPU
		Release|Any CPU = Release|Any CPU
	EndGlobalSection
	GlobalSection(ProjectConfigurationPlatforms) = postSolution
		{1CBF15DF-DD28-4057-9B1A-44B3EF0B5E0F}.Debug|Any CPU.ActiveCfg = Debug|Any CPU
		{1CBF15DF-DD28-4057-9B1A-44B3EF0B5E0F}.Debug|Any CPU.Build.0 = Debug|Any CPU
		{1CBF15DF-DD28-4057-9B1A-44B3EF0B5E0F}.Release|Any CPU.ActiveCfg = Release|Any CPU
		{1CBF15DF-DD28-4057-9B1A-44B3EF0B5E0F}.Release|Any CPU.Build.0 = Release|Any CPU
	EndGlobalSection
	GlobalSection(SolutionProperties) = preSolution
		HideSolutionNode = FALSE
	EndGlobalSection
	GlobalSection(ExtensibilityGlobals) = postSolution
		SolutionGuid = {66EBBE74-CE5F-4CAE-8EDE-D212E140620B}
	EndGlobalSection
EndGlobal
